// !$*UTF8*$!
{
	archiveVersion = 1;
	classes = {
	};
	objectVersion = 77;
	objects = {

/* Begin PBXBuildFile section */
		061EFE613001FD2F00B2D691 /* Messages.framework in Frameworks */ = {isa = PBXBuildFile; fileRef = 1A0000000000000000000052 /* Messages.framework */; };
		061EFE6D3001FD3100B2D691 /* messages.appex in Embed App Extensions */ = {isa = PBXBuildFile; fileRef = 061EFE603001FD2F00B2D691 /* messages.appex */; settings = {ATTRIBUTES = (RemoveHeadersOnCopy, ); }; };
		1A00000000000000000000B1 /* TinyGIFsApp.swift in Sources */ = {isa = PBXBuildFile; fileRef = 1A0000000000000000000010 /* TinyGIFsApp.swift */; };
		1A00000000000000000000B2 /* ReactionCatalog.swift in Sources */ = {isa = PBXBuildFile; fileRef = 1A0000000000000000000020 /* ReactionCatalog.swift */; };
		1A00000000000000000000B20 /* GiphyService.swift in Sources */ = {isa = PBXBuildFile; fileRef = 1A0000000000000000000024 /* GiphyService.swift */; };
		1A00000000000000000000B21 /* GiphyService.swift in Sources */ = {isa = PBXBuildFile; fileRef = 1A0000000000000000000024 /* GiphyService.swift */; };
		1A00000000000000000000B22 /* GiphyService.swift in Sources */ = {isa = PBXBuildFile; fileRef = 1A0000000000000000000024 /* GiphyService.swift */; };
		1A00000000000000000000B23 /* TinyStickerRenderer.swift in Sources */ = {isa = PBXBuildFile; fileRef = 1A0000000000000000000025 /* TinyStickerRenderer.swift */; };
		1A00000000000000000000B3 /* ReactionArtwork.swift in Sources */ = {isa = PBXBuildFile; fileRef = 1A0000000000000000000021 /* ReactionArtwork.swift */; };
		1A00000000000000000000B4 /* UIKit.framework in Frameworks */ = {isa = PBXBuildFile; fileRef = 1A0000000000000000000050 /* UIKit.framework */; };
		1A00000000000000000000B5 /* SwiftUI.framework in Frameworks */ = {isa = PBXBuildFile; fileRef = 1A0000000000000000000051 /* SwiftUI.framework */; };
		1A00000000000000000000B6 /* KeyboardViewController.swift in Sources */ = {isa = PBXBuildFile; fileRef = 1A0000000000000000000013 /* KeyboardViewController.swift */; };
		1A00000000000000000000B7 /* KeyboardState.swift in Sources */ = {isa = PBXBuildFile; fileRef = 1A0000000000000000000014 /* KeyboardState.swift */; };
		1A00000000000000000000B8 /* ReactionCatalog.swift in Sources */ = {isa = PBXBuildFile; fileRef = 1A0000000000000000000020 /* ReactionCatalog.swift */; };
		1A00000000000000000000B9 /* UIKit.framework in Frameworks */ = {isa = PBXBuildFile; fileRef = 1A0000000000000000000050 /* UIKit.framework */; };
		1A00000000000000000000BA /* MessagesViewController.swift in Sources */ = {isa = PBXBuildFile; fileRef = 1A0000000000000000000017 /* MessagesViewController.swift */; };
		1A00000000000000000000BB /* ReactionCatalog.swift in Sources */ = {isa = PBXBuildFile; fileRef = 1A0000000000000000000020 /* ReactionCatalog.swift */; };
		1A00000000000000000000BC /* Messages.framework in Frameworks */ = {isa = PBXBuildFile; fileRef = 1A0000000000000000000052 /* Messages.framework */; };
		1A00000000000000000000BD /* CatalogIntegrityTests.swift in Sources */ = {isa = PBXBuildFile; fileRef = 1A0000000000000000000022 /* CatalogIntegrityTests.swift */; };
		1A00000000000000000000BE /* ReactionCatalog.swift in Sources */ = {isa = PBXBuildFile; fileRef = 1A0000000000000000000020 /* ReactionCatalog.swift */; };
		1A00000000000000000000BF /* KeyboardState.swift in Sources */ = {isa = PBXBuildFile; fileRef = 1A0000000000000000000014 /* KeyboardState.swift */; };
		1A00000000000000000000E1 /* TinyGIFsKeyboard.appex in Embed App Extensions */ = {isa = PBXBuildFile; fileRef = 1A0000000000000000000016 /* TinyGIFsKeyboard.appex */; settings = {ATTRIBUTES = (CodeSignOnCopy, RemoveHeadersOnCopy, ); }; };
		1A00000000000000000000E2 /* TinyGIFsMessages.appex in Embed App Extensions */ = {isa = PBXBuildFile; fileRef = 1A0000000000000000000019 /* TinyGIFsMessages.appex */; settings = {ATTRIBUTES = (CodeSignOnCopy, RemoveHeadersOnCopy, ); }; };
		1A00000000000000000000F0 /* XCTest.framework in Frameworks */ = {isa = PBXBuildFile; fileRef = 1A0000000000000000000053 /* XCTest.framework */; };
		1A00000000000000000000I1 /* iMessageIcon-54x40.png in Resources */ = {isa = PBXBuildFile; fileRef = 1A00000000000000000000F1 /* iMessageIcon-54x40.png */; };
		1A00000000000000000000I2 /* iMessageIcon-81x60.png in Resources */ = {isa = PBXBuildFile; fileRef = 1A00000000000000000000F2 /* iMessageIcon-81x60.png */; };
		1A00000000000000000000I3 /* iMessageIcon-64x48.png in Resources */ = {isa = PBXBuildFile; fileRef = 1A00000000000000000000F3 /* iMessageIcon-64x48.png */; };
		1A00000000000000000000I4 /* iMessageIcon-96x72.png in Resources */ = {isa = PBXBuildFile; fileRef = 1A00000000000000000000F4 /* iMessageIcon-96x72.png */; };
		1A00000000000000000000I5 /* iMessageIcon-120x90.png in Resources */ = {isa = PBXBuildFile; fileRef = 1A00000000000000000000F5 /* iMessageIcon-120x90.png */; };
		1A00000000000000000000I6 /* iMessageIcon-180x135.png in Resources */ = {isa = PBXBuildFile; fileRef = 1A00000000000000000000F6 /* iMessageIcon-180x135.png */; };
		1A00000000000000000000IC /* Assets.xcassets in Resources */ = {isa = PBXBuildFile; fileRef = 1A00000000000000000000I0 /* Assets.xcassets */; };
		1A00000000000000000000K0 /* lol.gif in Resources */ = {isa = PBXBuildFile; fileRef = 1A0000000000000000000040 /* lol.gif */; };
		1A00000000000000000000K1 /* nope.gif in Resources */ = {isa = PBXBuildFile; fileRef = 1A0000000000000000000041 /* nope.gif */; };
		1A00000000000000000000K2 /* omg.gif in Resources */ = {isa = PBXBuildFile; fileRef = 1A0000000000000000000042 /* omg.gif */; };
		1A00000000000000000000K3 /* brb.gif in Resources */ = {isa = PBXBuildFile; fileRef = 1A0000000000000000000043 /* brb.gif */; };
		1A00000000000000000000K4 /* perfect.gif in Resources */ = {isa = PBXBuildFile; fileRef = 1A0000000000000000000044 /* perfect.gif */; };
		1A00000000000000000000K5 /* yes.gif in Resources */ = {isa = PBXBuildFile; fileRef = 1A0000000000000000000045 /* yes.gif */; };
		1A00000000000000000000K6 /* yikes.gif in Resources */ = {isa = PBXBuildFile; fileRef = 1A0000000000000000000046 /* yikes.gif */; };
		1A00000000000000000000K7 /* tiny-clap.gif in Resources */ = {isa = PBXBuildFile; fileRef = 1A0000000000000000000047 /* tiny-clap.gif */; };
		1A00000000000000000000M0 /* lol.png in Resources */ = {isa = PBXBuildFile; fileRef = 1A0000000000000000000030 /* lol.png */; };
		1A00000000000000000000M1 /* nope.png in Resources */ = {isa = PBXBuildFile; fileRef = 1A0000000000000000000031 /* nope.png */; };
		1A00000000000000000000M2 /* omg.png in Resources */ = {isa = PBXBuildFile; fileRef = 1A0000000000000000000032 /* omg.png */; };
		1A00000000000000000000M3 /* brb.png in Resources */ = {isa = PBXBuildFile; fileRef = 1A0000000000000000000033 /* brb.png */; };
		1A00000000000000000000M4 /* perfect.png in Resources */ = {isa = PBXBuildFile; fileRef = 1A0000000000000000000034 /* perfect.png */; };
		1A00000000000000000000M5 /* yes.png in Resources */ = {isa = PBXBuildFile; fileRef = 1A0000000000000000000035 /* yes.png */; };
		1A00000000000000000000M6 /* yikes.png in Resources */ = {isa = PBXBuildFile; fileRef = 1A0000000000000000000036 /* yikes.png */; };
		1A00000000000000000000M7 /* tiny-clap.png in Resources */ = {isa = PBXBuildFile; fileRef = 1A0000000000000000000037 /* tiny-clap.png */; };
		1A00000000000000000000MI /* Assets.xcassets in Resources */ = {isa = PBXBuildFile; fileRef = 1A00000000000000000000M8 /* Assets.xcassets */; };
		1A00000000000000000000MS /* Stickers.xcstickers in Resources */ = {isa = PBXBuildFile; fileRef = 1A00000000000000000000M9 /* Stickers.xcstickers */; };
		1A00000000000000000000R0 /* lol.png in Resources */ = {isa = PBXBuildFile; fileRef = 1A0000000000000000000030 /* lol.png */; };
		1A00000000000000000000R1 /* nope.png in Resources */ = {isa = PBXBuildFile; fileRef = 1A0000000000000000000031 /* nope.png */; };
		1A00000000000000000000R2 /* omg.png in Resources */ = {isa = PBXBuildFile; fileRef = 1A0000000000000000000032 /* omg.png */; };
		1A00000000000000000000R3 /* brb.png in Resources */ = {isa = PBXBuildFile; fileRef = 1A0000000000000000000033 /* brb.png */; };
		1A00000000000000000000R4 /* perfect.png in Resources */ = {isa = PBXBuildFile; fileRef = 1A0000000000000000000034 /* perfect.png */; };
		1A00000000000000000000R5 /* yes.png in Resources */ = {isa = PBXBuildFile; fileRef = 1A0000000000000000000035 /* yes.png */; };
		1A00000000000000000000R6 /* yikes.png in Resources */ = {isa = PBXBuildFile; fileRef = 1A0000000000000000000036 /* yikes.png */; };
		1A00000000000000000000R7 /* tiny-clap.png in Resources */ = {isa = PBXBuildFile; fileRef = 1A0000000000000000000037 /* tiny-clap.png */; };
		1A00000000000000000000T0 /* lol.png in Resources */ = {isa = PBXBuildFile; fileRef = 1A0000000000000000000030 /* lol.png */; };
		1A00000000000000000000T1 /* nope.png in Resources */ = {isa = PBXBuildFile; fileRef = 1A0000000000000000000031 /* nope.png */; };
		1A00000000000000000000T2 /* omg.png in Resources */ = {isa = PBXBuildFile; fileRef = 1A0000000000000000000032 /* omg.png */; };
		1A00000000000000000000T3 /* brb.png in Resources */ = {isa = PBXBuildFile; fileRef = 1A0000000000000000000033 /* brb.png */; };
		1A00000000000000000000T4 /* perfect.png in Resources */ = {isa = PBXBuildFile; fileRef = 1A0000000000000000000034 /* perfect.png */; };
		1A00000000000000000000T5 /* yes.png in Resources */ = {isa = PBXBuildFile; fileRef = 1A0000000000000000000035 /* yes.png */; };
		1A00000000000000000000T6 /* yikes.png in Resources */ = {isa = PBXBuildFile; fileRef = 1A0000000000000000000036 /* yikes.png */; };
		1A00000000000000000000T7 /* tiny-clap.png in Resources */ = {isa = PBXBuildFile; fileRef = 1A0000000000000000000037 /* tiny-clap.png */; };
		1A00000000000000000000U0 /* lol.gif in Resources */ = {isa = PBXBuildFile; fileRef = 1A0000000000000000000040 /* lol.gif */; };
		1A00000000000000000000U1 /* nope.gif in Resources */ = {isa = PBXBuildFile; fileRef = 1A0000000000000000000041 /* nope.gif */; };
		1A00000000000000000000U2 /* omg.gif in Resources */ = {isa = PBXBuildFile; fileRef = 1A0000000000000000000042 /* omg.gif */; };
		1A00000000000000000000U3 /* brb.gif in Resources */ = {isa = PBXBuildFile; fileRef = 1A0000000000000000000043 /* brb.gif */; };
		1A00000000000000000000U4 /* perfect.gif in Resources */ = {isa = PBXBuildFile; fileRef = 1A0000000000000000000044 /* perfect.gif */; };
		1A00000000000000000000U5 /* yes.gif in Resources */ = {isa = PBXBuildFile; fileRef = 1A0000000000000000000045 /* yes.gif */; };
		1A00000000000000000000U6 /* yikes.gif in Resources */ = {isa = PBXBuildFile; fileRef = 1A0000000000000000000046 /* yikes.gif */; };
		1A00000000000000000000U7 /* tiny-clap.gif in Resources */ = {isa = PBXBuildFile; fileRef = 1A0000000000000000000047 /* tiny-clap.gif */; };
/* End PBXBuildFile section */

/* Begin PBXContainerItemProxy section */
		061EFE6B3001FD3100B2D691 /* PBXContainerItemProxy */ = {
			isa = PBXContainerItemProxy;
			containerPortal = 1A0000000000000000000000 /* Project object */;
			proxyType = 1;
			remoteGlobalIDString = 061EFE5F3001FD2F00B2D691;
			remoteInfo = messages;
		};
		1A00000000000000000000P1 /* PBXContainerItemProxy */ = {
			isa = PBXContainerItemProxy;
			containerPortal = 1A0000000000000000000000 /* Project object */;
			proxyType = 1;
			remoteGlobalIDString = 1A00000000000000000000A1;
			remoteInfo = TinyGIFsKeyboard;
		};
		1A00000000000000000000P2 /* PBXContainerItemProxy */ = {
			isa = PBXContainerItemProxy;
			containerPortal = 1A0000000000000000000000 /* Project object */;
			proxyType = 1;
			remoteGlobalIDString = 1A00000000000000000000A2;
			remoteInfo = TinyGIFsMessages;
		};
		1A00000000000000000000P3 /* PBXContainerItemProxy */ = {
			isa = PBXContainerItemProxy;
			containerPortal = 1A0000000000000000000000 /* Project object */;
			proxyType = 1;
			remoteGlobalIDString = 1A00000000000000000000A0;
			remoteInfo = TinyGIFs;
		};
/* End PBXContainerItemProxy section */

/* Begin PBXCopyFilesBuildPhase section */
		1A0000000000000000000063 /* Embed App Extensions */ = {
			isa = PBXCopyFilesBuildPhase;
			buildActionMask = 2147483647;
			dstPath = "";
			dstSubfolderSpec = 13;
			files = (
				1A00000000000000000000E1 /* TinyGIFsKeyboard.appex in Embed App Extensions */,
				061EFE6D3001FD3100B2D691 /* messages.appex in Embed App Extensions */,
			);
			name = "Embed App Extensions";
			runOnlyForDeploymentPostprocessing = 0;
		};
/* End PBXCopyFilesBuildPhase section */

/* Begin PBXFileReference section */
		061EFE603001FD2F00B2D691 /* messages.appex */ = {isa = PBXFileReference; explicitFileType = "wrapper.app-extension"; includeInIndex = 0; path = messages.appex; sourceTree = BUILT_PRODUCTS_DIR; };
		1A0000000000000000000010 /* TinyGIFsApp.swift */ = {isa = PBXFileReference; lastKnownFileType = sourcecode.swift; path = TinyGIFsApp.swift; sourceTree = "<group>"; };
		1A0000000000000000000011 /* Info.plist */ = {isa = PBXFileReference; lastKnownFileType = text.plist.xml; path = Info.plist; sourceTree = "<group>"; };
		1A0000000000000000000012 /* TinyGIFs.app */ = {isa = PBXFileReference; explicitFileType = wrapper.application; includeInIndex = 0; path = TinyGIFs.app; sourceTree = BUILT_PRODUCTS_DIR; };
		1A0000000000000000000013 /* KeyboardViewController.swift */ = {isa = PBXFileReference; lastKnownFileType = sourcecode.swift; path = KeyboardViewController.swift; sourceTree = "<group>"; };
		1A0000000000000000000014 /* KeyboardState.swift */ = {isa = PBXFileReference; lastKnownFileType = sourcecode.swift; path = KeyboardState.swift; sourceTree = "<group>"; };
		1A0000000000000000000015 /* Info.plist */ = {isa = PBXFileReference; lastKnownFileType = text.plist.xml; path = Info.plist; sourceTree = "<group>"; };
		1A0000000000000000000016 /* TinyGIFsKeyboard.appex */ = {isa = PBXFileReference; explicitFileType = "wrapper.app-extension"; includeInIndex = 0; path = TinyGIFsKeyboard.appex; sourceTree = BUILT_PRODUCTS_DIR; };
		1A0000000000000000000017 /* MessagesViewController.swift */ = {isa = PBXFileReference; lastKnownFileType = sourcecode.swift; path = MessagesViewController.swift; sourceTree = "<group>"; };
		1A0000000000000000000018 /* Info.plist */ = {isa = PBXFileReference; lastKnownFileType = text.plist.xml; path = Info.plist; sourceTree = "<group>"; };
		1A0000000000000000000019 /* TinyGIFsMessages.appex */ = {isa = PBXFileReference; explicitFileType = "wrapper.app-extension"; includeInIndex = 0; path = TinyGIFsMessages.appex; sourceTree = BUILT_PRODUCTS_DIR; };
		1A0000000000000000000020 /* ReactionCatalog.swift */ = {isa = PBXFileReference; lastKnownFileType = sourcecode.swift; path = ReactionCatalog.swift; sourceTree = "<group>"; };
		1A0000000000000000000021 /* ReactionArtwork.swift */ = {isa = PBXFileReference; lastKnownFileType = sourcecode.swift; path = ReactionArtwork.swift; sourceTree = "<group>"; };
		1A0000000000000000000022 /* CatalogIntegrityTests.swift */ = {isa = PBXFileReference; lastKnownFileType = sourcecode.swift; path = CatalogIntegrityTests.swift; sourceTree = "<group>"; };
		1A0000000000000000000023 /* TinyGIFsTests.xctest */ = {isa = PBXFileReference; explicitFileType = wrapper.cfbundle; includeInIndex = 0; path = TinyGIFsTests.xctest; sourceTree = BUILT_PRODUCTS_DIR; };
		1A0000000000000000000024 /* GiphyService.swift */ = {isa = PBXFileReference; lastKnownFileType = sourcecode.swift; path = GiphyService.swift; sourceTree = "<group>"; };
		1A0000000000000000000025 /* TinyStickerRenderer.swift */ = {isa = PBXFileReference; lastKnownFileType = sourcecode.swift; path = messages/TinyStickerRenderer.swift; sourceTree = SOURCE_ROOT; };
		1A0000000000000000000030 /* lol.png */ = {isa = PBXFileReference; lastKnownFileType = image.png; path = lol.png; sourceTree = "<group>"; };
		1A0000000000000000000031 /* nope.png */ = {isa = PBXFileReference; lastKnownFileType = image.png; path = nope.png; sourceTree = "<group>"; };
		1A0000000000000000000032 /* omg.png */ = {isa = PBXFileReference; lastKnownFileType = image.png; path = omg.png; sourceTree = "<group>"; };
		1A0000000000000000000033 /* brb.png */ = {isa = PBXFileReference; lastKnownFileType = image.png; path = brb.png; sourceTree = "<group>"; };
		1A0000000000000000000034 /* perfect.png */ = {isa = PBXFileReference; lastKnownFileType = image.png; path = perfect.png; sourceTree = "<group>"; };
		1A0000000000000000000035 /* yes.png */ = {isa = PBXFileReference; lastKnownFileType = image.png; path = yes.png; sourceTree = "<group>"; };
		1A0000000000000000000036 /* yikes.png */ = {isa = PBXFileReference; lastKnownFileType = image.png; path = yikes.png; sourceTree = "<group>"; };
		1A0000000000000000000037 /* tiny-clap.png */ = {isa = PBXFileReference; lastKnownFileType = image.png; path = "tiny-clap.png"; sourceTree = "<group>"; };
		1A0000000000000000000040 /* lol.gif */ = {isa = PBXFileReference; lastKnownFileType = image.gif; path = lol.gif; sourceTree = "<group>"; };
		1A0000000000000000000041 /* nope.gif */ = {isa = PBXFileReference; lastKnownFileType = image.gif; path = nope.gif; sourceTree = "<group>"; };
		1A0000000000000000000042 /* omg.gif */ = {isa = PBXFileReference; lastKnownFileType = image.gif; path = omg.gif; sourceTree = "<group>"; };
		1A0000000000000000000043 /* brb.gif */ = {isa = PBXFileReference; lastKnownFileType = image.gif; path = brb.gif; sourceTree = "<group>"; };
		1A0000000000000000000044 /* perfect.gif */ = {isa = PBXFileReference; lastKnownFileType = image.gif; path = perfect.gif; sourceTree = "<group>"; };
		1A0000000000000000000045 /* yes.gif */ = {isa = PBXFileReference; lastKnownFileType = image.gif; path = yes.gif; sourceTree = "<group>"; };
		1A0000000000000000000046 /* yikes.gif */ = {isa = PBXFileReference; lastKnownFileType = image.gif; path = yikes.gif; sourceTree = "<group>"; };
		1A0000000000000000000047 /* tiny-clap.gif */ = {isa = PBXFileReference; lastKnownFileType = image.gif; path = "tiny-clap.gif"; sourceTree = "<group>"; };
		1A0000000000000000000050 /* UIKit.framework */ = {isa = PBXFileReference; lastKnownFileType = wrapper.framework; name = UIKit.framework; path = System/Library/Frameworks/UIKit.framework; sourceTree = SDKROOT; };
		1A0000000000000000000051 /* SwiftUI.framework */ = {isa = PBXFileReference; lastKnownFileType = wrapper.framework; name = SwiftUI.framework; path = System/Library/Frameworks/SwiftUI.framework; sourceTree = SDKROOT; };
		1A0000000000000000000052 /* Messages.framework */ = {isa = PBXFileReference; lastKnownFileType = wrapper.framework; name = Messages.framework; path = System/Library/Frameworks/Messages.framework; sourceTree = SDKROOT; };
		1A0000000000000000000053 /* XCTest.framework */ = {isa = PBXFileReference; lastKnownFileType = wrapper.framework; name = XCTest.framework; path = System/Library/Frameworks/XCTest.framework; sourceTree = SDKROOT; };
		1A00000000000000000000F1 /* iMessageIcon-54x40.png */ = {isa = PBXFileReference; lastKnownFileType = image.png; path = "iMessageIcon-54x40.png"; sourceTree = "<group>"; };
		1A00000000000000000000F2 /* iMessageIcon-81x60.png */ = {isa = PBXFileReference; lastKnownFileType = image.png; path = "iMessageIcon-81x60.png"; sourceTree = "<group>"; };
		1A00000000000000000000F3 /* iMessageIcon-64x48.png */ = {isa = PBXFileReference; lastKnownFileType = image.png; path = "iMessageIcon-64x48.png"; sourceTree = "<group>"; };
		1A00000000000000000000F4 /* iMessageIcon-96x72.png */ = {isa = PBXFileReference; lastKnownFileType = image.png; path = "iMessageIcon-96x72.png"; sourceTree = "<group>"; };
		1A00000000000000000000F5 /* iMessageIcon-120x90.png */ = {isa = PBXFileReference; lastKnownFileType = image.png; path = "iMessageIcon-120x90.png"; sourceTree = "<group>"; };
		1A00000000000000000000F6 /* iMessageIcon-180x135.png */ = {isa = PBXFileReference; lastKnownFileType = image.png; path = "iMessageIcon-180x135.png"; sourceTree = "<group>"; };
		1A00000000000000000000I0 /* Assets.xcassets */ = {isa = PBXFileReference; lastKnownFileType = folder.assetcatalog; path = Assets.xcassets; sourceTree = "<group>"; };
		1A00000000000000000000M8 /* Assets.xcassets */ = {isa = PBXFileReference; lastKnownFileType = folder.assetcatalog; path = Assets.xcassets; sourceTree = "<group>"; };
		1A00000000000000000000M9 /* Stickers.xcstickers */ = {isa = PBXFileReference; lastKnownFileType = folder.assetcatalog; path = Stickers.xcstickers; sourceTree = "<group>"; };
/* End PBXFileReference section */

/* Begin PBXFileSystemSynchronizedBuildFileExceptionSet section */
		061EFE703001FD3100B2D691 /* Exceptions for "messages" folder in "messages" target */ = {
			isa = PBXFileSystemSynchronizedBuildFileExceptionSet;
			membershipExceptions = (
				Info.plist,
			);
			target = 061EFE5F3001FD2F00B2D691 /* messages */;
		};
/* End PBXFileSystemSynchronizedBuildFileExceptionSet section */

/* Begin PBXFileSystemSynchronizedRootGroup section */
		061EFE623001FD2F00B2D691 /* messages */ = {
			isa = PBXFileSystemSynchronizedRootGroup;
			exceptions = (
				061EFE703001FD3100B2D691 /* Exceptions for "messages" folder in "messages" target */,
			);
			path = messages;
			sourceTree = "<group>";
		};
/* End PBXFileSystemSynchronizedRootGroup section */

/* Begin PBXFrameworksBuildPhase section */
		061EFE5D3001FD2F00B2D691 /* Frameworks */ = {
			isa = PBXFrameworksBuildPhase;
			buildActionMask = 2147483647;
			files = (
				061EFE613001FD2F00B2D691 /* Messages.framework in Frameworks */,
			);
			runOnlyForDeploymentPostprocessing = 0;
		};
		1A0000000000000000000061 /* Frameworks */ = {
			isa = PBXFrameworksBuildPhase;
			buildActionMask = 2147483647;
			files = (
				1A00000000000000000000B4 /* UIKit.framework in Frameworks */,
				1A00000000000000000000B5 /* SwiftUI.framework in Frameworks */,
			);
			runOnlyForDeploymentPostprocessing = 0;
		};
		1A0000000000000000000071 /* Frameworks */ = {
			isa = PBXFrameworksBuildPhase;
			buildActionMask = 2147483647;
			files = (
				1A00000000000000000000B9 /* UIKit.framework in Frameworks */,
			);
			runOnlyForDeploymentPostprocessing = 0;
		};
		1A0000000000000000000081 /* Frameworks */ = {
			isa = PBXFrameworksBuildPhase;
			buildActionMask = 2147483647;
			files = (
				1A00000000000000000000BC /* Messages.framework in Frameworks */,
			);
			runOnlyForDeploymentPostprocessing = 0;
		};
		1A0000000000000000000091 /* Frameworks */ = {
			isa = PBXFrameworksBuildPhase;
			buildActionMask = 2147483647;
			files = (
				1A00000000000000000000F0 /* XCTest.framework in Frameworks */,
			);
			runOnlyForDeploymentPostprocessing = 0;
		};
/* End PBXFrameworksBuildPhase section */

/* Begin PBXGroup section */
		1A0000000000000000000001 = {
			isa = PBXGroup;
			children = (
				1A0000000000000000000003 /* TinyGIFsApp */,
				1A0000000000000000000004 /* TinyGIFsKeyboard */,
				1A0000000000000000000005 /* TinyGIFsMessages */,
				1A0000000000000000000006 /* Shared */,
				1A0000000000000000000008 /* Tests */,
				061EFE623001FD2F00B2D691 /* messages */,
				1A0000000000000000000009 /* Frameworks */,
				1A0000000000000000000002 /* Products */,
			);
			sourceTree = "<group>";
		};
		1A0000000000000000000002 /* Products */ = {
			isa = PBXGroup;
			children = (
				1A0000000000000000000012 /* TinyGIFs.app */,
				1A0000000000000000000016 /* TinyGIFsKeyboard.appex */,
				1A0000000000000000000019 /* TinyGIFsMessages.appex */,
				1A0000000000000000000023 /* TinyGIFsTests.xctest */,
				061EFE603001FD2F00B2D691 /* messages.appex */,
			);
			name = Products;
			sourceTree = "<group>";
		};
		1A0000000000000000000003 /* TinyGIFsApp */ = {
			isa = PBXGroup;
			children = (
				1A0000000000000000000010 /* TinyGIFsApp.swift */,
				1A0000000000000000000011 /* Info.plist */,
				1A00000000000000000000I0 /* Assets.xcassets */,
			);
			path = TinyGIFsApp;
			sourceTree = "<group>";
		};
		1A0000000000000000000004 /* TinyGIFsKeyboard */ = {
			isa = PBXGroup;
			children = (
				1A0000000000000000000013 /* KeyboardViewController.swift */,
				1A0000000000000000000014 /* KeyboardState.swift */,
				1A0000000000000000000015 /* Info.plist */,
			);
			path = TinyGIFsKeyboard;
			sourceTree = "<group>";
		};
		1A0000000000000000000005 /* TinyGIFsMessages */ = {
			isa = PBXGroup;
			children = (
				1A0000000000000000000017 /* MessagesViewController.swift */,
				1A0000000000000000000018 /* Info.plist */,
				1A00000000000000000000M8 /* Assets.xcassets */,
				1A00000000000000000000M9 /* Stickers.xcstickers */,
				1A00000000000000000000F1 /* iMessageIcon-54x40.png */,
				1A00000000000000000000F2 /* iMessageIcon-81x60.png */,
				1A00000000000000000000F3 /* iMessageIcon-64x48.png */,
				1A00000000000000000000F4 /* iMessageIcon-96x72.png */,
				1A00000000000000000000F5 /* iMessageIcon-120x90.png */,
				1A00000000000000000000F6 /* iMessageIcon-180x135.png */,
			);
			path = TinyGIFsMessages;
			sourceTree = "<group>";
		};
		1A0000000000000000000006 /* Shared */ = {
			isa = PBXGroup;
			children = (
				1A0000000000000000000020 /* ReactionCatalog.swift */,
				1A0000000000000000000021 /* ReactionArtwork.swift */,
				1A0000000000000000000024 /* GiphyService.swift */,
				1A0000000000000000000007 /* GIFs */,
			);
			path = Shared;
			sourceTree = "<group>";
		};
		1A0000000000000000000007 /* GIFs */ = {
			isa = PBXGroup;
			children = (
				1A0000000000000000000030 /* lol.png */,
				1A0000000000000000000031 /* nope.png */,
				1A0000000000000000000032 /* omg.png */,
				1A0000000000000000000033 /* brb.png */,
				1A0000000000000000000034 /* perfect.png */,
				1A0000000000000000000035 /* yes.png */,
				1A0000000000000000000036 /* yikes.png */,
				1A0000000000000000000037 /* tiny-clap.png */,
				1A0000000000000000000040 /* lol.gif */,
				1A0000000000000000000041 /* nope.gif */,
				1A0000000000000000000042 /* omg.gif */,
				1A0000000000000000000043 /* brb.gif */,
				1A0000000000000000000044 /* perfect.gif */,
				1A0000000000000000000045 /* yes.gif */,
				1A0000000000000000000046 /* yikes.gif */,
				1A0000000000000000000047 /* tiny-clap.gif */,
			);
			name = GIFs;
			path = Resources/GIFs;
			sourceTree = "<group>";
		};
		1A0000000000000000000008 /* Tests */ = {
			isa = PBXGroup;
			children = (
				1A0000000000000000000022 /* CatalogIntegrityTests.swift */,
			);
			path = Tests;
			sourceTree = "<group>";
		};
		1A0000000000000000000009 /* Frameworks */ = {
			isa = PBXGroup;
			children = (
				1A0000000000000000000050 /* UIKit.framework */,
				1A0000000000000000000051 /* SwiftUI.framework */,
				1A0000000000000000000052 /* Messages.framework */,
				1A0000000000000000000053 /* XCTest.framework */,
			);
			name = Frameworks;
			sourceTree = "<group>";
		};
/* End PBXGroup section */

/* Begin PBXNativeTarget section */
		061EFE5F3001FD2F00B2D691 /* messages */ = {
			isa = PBXNativeTarget;
			buildConfigurationList = 061EFE713001FD3100B2D691 /* Build configuration list for PBXNativeTarget "messages" */;
			buildPhases = (
				061EFE5C3001FD2F00B2D691 /* Sources */,
				061EFE5D3001FD2F00B2D691 /* Frameworks */,
				061EFE5E3001FD2F00B2D691 /* Resources */,
			);
			buildRules = (
			);
			dependencies = (
			);
			fileSystemSynchronizedGroups = (
				061EFE623001FD2F00B2D691 /* messages */,
			);
			name = messages;
			packageProductDependencies = (
			);
			productName = messages;
			productReference = 061EFE603001FD2F00B2D691 /* messages.appex */;
			productType = "com.apple.product-type.app-extension.messages";
		};
		1A00000000000000000000A0 /* TinyGIFs */ = {
			isa = PBXNativeTarget;
			buildConfigurationList = 1A00000000000000000000L1 /* Build configuration list for PBXNativeTarget "TinyGIFs" */;
			buildPhases = (
				1A0000000000000000000060 /* Sources */,
				1A0000000000000000000061 /* Frameworks */,
				1A0000000000000000000062 /* Resources */,
				1A0000000000000000000063 /* Embed App Extensions */,
			);
			buildRules = (
			);
			dependencies = (
				1A00000000000000000000D1 /* PBXTargetDependency */,
				061EFE6C3001FD3100B2D691 /* PBXTargetDependency */,
			);
			name = TinyGIFs;
			productName = TinyGIFs;
			productReference = 1A0000000000000000000012 /* TinyGIFs.app */;
			productType = "com.apple.product-type.application";
		};
		1A00000000000000000000A1 /* TinyGIFsKeyboard */ = {
			isa = PBXNativeTarget;
			buildConfigurationList = 1A00000000000000000000L2 /* Build configuration list for PBXNativeTarget "TinyGIFsKeyboard" */;
			buildPhases = (
				1A0000000000000000000070 /* Sources */,
				1A0000000000000000000071 /* Frameworks */,
				1A0000000000000000000072 /* Resources */,
			);
			buildRules = (
			);
			dependencies = (
			);
			name = TinyGIFsKeyboard;
			productName = TinyGIFsKeyboard;
			productReference = 1A0000000000000000000016 /* TinyGIFsKeyboard.appex */;
			productType = "com.apple.product-type.app-extension";
		};
		1A00000000000000000000A2 /* TinyGIFsMessages */ = {
			isa = PBXNativeTarget;
			buildConfigurationList = 1A00000000000000000000L3 /* Build configuration list for PBXNativeTarget "TinyGIFsMessages" */;
			buildPhases = (
				1A0000000000000000000080 /* Sources */,
				1A0000000000000000000081 /* Frameworks */,
				1A0000000000000000000082 /* Resources */,
			);
			buildRules = (
			);
			dependencies = (
			);
			name = TinyGIFsMessages;
			productName = TinyGIFsMessages;
			productReference = 1A0000000000000000000019 /* TinyGIFsMessages.appex */;
			productType = "com.apple.product-type.app-extension";
		};
		1A00000000000000000000A3 /* TinyGIFsTests */ = {
			isa = PBXNativeTarget;
			buildConfigurationList = 1A00000000000000000000L4 /* Build configuration list for PBXNativeTarget "TinyGIFsTests" */;
			buildPhases = (
				1A0000000000000000000090 /* Sources */,
				1A0000000000000000000091 /* Frameworks */,
				1A0000000000000000000092 /* Resources */,
			);
			buildRules = (
			);
			dependencies = (
				1A00000000000000000000D3 /* PBXTargetDependency */,
			);
			name = TinyGIFsTests;
			productName = TinyGIFsTests;
			productReference = 1A0000000000000000000023 /* TinyGIFsTests.xctest */;
			productType = "com.apple.product-type.bundle.unit-test";
		};
/* End PBXNativeTarget section */

/* Begin PBXProject section */
		1A0000000000000000000000 /* Project object */ = {
			isa = PBXProject;
			attributes = {
				BuildIndependentTargetsInParallel = 1;
				LastSwiftUpdateCheck = 2650;
				LastUpgradeCheck = 2650;
				TargetAttributes = {
					061EFE5F3001FD2F00B2D691 = {
						CreatedOnToolsVersion = 26.5;
					};
					1A00000000000000000000A0 = {
						CreatedOnToolsVersion = 26.5;
					};
					1A00000000000000000000A1 = {
						CreatedOnToolsVersion = 26.5;
					};
					1A00000000000000000000A2 = {
						CreatedOnToolsVersion = 26.5;
					};
					1A00000000000000000000A3 = {
						CreatedOnToolsVersion = 26.5;
					};
				};
			};
			buildConfigurationList = 1A00000000000000000000L0 /* Build configuration list for PBXProject "TinyGIFs" */;
			developmentRegion = en;
			hasScannedForEncodings = 0;
			knownRegions = (
				en,
				Base,
			);
			mainGroup = 1A0000000000000000000001;
			preferredProjectObjectVersion = 77;
			productRefGroup = 1A0000000000000000000002 /* Products */;
			projectDirPath = "";
			projectRoot = "";
			targets = (
				1A00000000000000000000A0 /* TinyGIFs */,
				1A00000000000000000000A1 /* TinyGIFsKeyboard */,
				1A00000000000000000000A2 /* TinyGIFsMessages */,
				1A00000000000000000000A3 /* TinyGIFsTests */,
				061EFE5F3001FD2F00B2D691 /* messages */,
			);
		};
/* End PBXProject section */

/* Begin PBXResourcesBuildPhase section */
		061EFE5E3001FD2F00B2D691 /* Resources */ = {
			isa = PBXResourcesBuildPhase;
			buildActionMask = 2147483647;
			files = (
			);
			runOnlyForDeploymentPostprocessing = 0;
		};
		1A0000000000000000000062 /* Resources */ = {
			isa = PBXResourcesBuildPhase;
			buildActionMask = 2147483647;
			files = (
				1A00000000000000000000R0 /* lol.png in Resources */,
				1A00000000000000000000R1 /* nope.png in Resources */,
				1A00000000000000000000R2 /* omg.png in Resources */,
				1A00000000000000000000R3 /* brb.png in Resources */,
				1A00000000000000000000R4 /* perfect.png in Resources */,
				1A00000000000000000000R5 /* yes.png in Resources */,
				1A00000000000000000000R6 /* yikes.png in Resources */,
				1A00000000000000000000R7 /* tiny-clap.png in Resources */,
				1A00000000000000000000IC /* Assets.xcassets in Resources */,
			);
			runOnlyForDeploymentPostprocessing = 0;
		};
		1A0000000000000000000072 /* Resources */ = {
			isa = PBXResourcesBuildPhase;
			buildActionMask = 2147483647;
			files = (
				1A00000000000000000000K0 /* lol.gif in Resources */,
				1A00000000000000000000K1 /* nope.gif in Resources */,
				1A00000000000000000000K2 /* omg.gif in Resources */,
				1A00000000000000000000K3 /* brb.gif in Resources */,
				1A00000000000000000000K4 /* perfect.gif in Resources */,
				1A00000000000000000000K5 /* yes.gif in Resources */,
				1A00000000000000000000K6 /* yikes.gif in Resources */,
				1A00000000000000000000K7 /* tiny-clap.gif in Resources */,
			);
			runOnlyForDeploymentPostprocessing = 0;
		};
		1A0000000000000000000082 /* Resources */ = {
			isa = PBXResourcesBuildPhase;
			buildActionMask = 2147483647;
			files = (
				1A00000000000000000000M0 /* lol.png in Resources */,
				1A00000000000000000000M1 /* nope.png in Resources */,
				1A00000000000000000000M2 /* omg.png in Resources */,
				1A00000000000000000000M3 /* brb.png in Resources */,
				1A00000000000000000000M4 /* perfect.png in Resources */,
				1A00000000000000000000M5 /* yes.png in Resources */,
				1A00000000000000000000M6 /* yikes.png in Resources */,
				1A00000000000000000000M7 /* tiny-clap.png in Resources */,
				1A00000000000000000000MI /* Assets.xcassets in Resources */,
				1A00000000000000000000MS /* Stickers.xcstickers in Resources */,
				1A00000000000000000000I1 /* iMessageIcon-54x40.png in Resources */,
				1A00000000000000000000I2 /* iMessageIcon-81x60.png in Resources */,
				1A00000000000000000000I3 /* iMessageIcon-64x48.png in Resources */,
				1A00000000000000000000I4 /* iMessageIcon-96x72.png in Resources */,
				1A00000000000000000000I5 /* iMessageIcon-120x90.png in Resources */,
				1A00000000000000000000I6 /* iMessageIcon-180x135.png in Resources */,
			);
			runOnlyForDeploymentPostprocessing = 0;
		};
		1A0000000000000000000092 /* Resources */ = {
			isa = PBXResourcesBuildPhase;
			buildActionMask = 2147483647;
			files = (
				1A00000000000000000000T0 /* lol.png in Resources */,
				1A00000000000000000000T1 /* nope.png in Resources */,
				1A00000000000000000000T2 /* omg.png in Resources */,
				1A00000000000000000000T3 /* brb.png in Resources */,
				1A00000000000000000000T4 /* perfect.png in Resources */,
				1A00000000000000000000T5 /* yes.png in Resources */,
				1A00000000000000000000T6 /* yikes.png in Resources */,
				1A00000000000000000000T7 /* tiny-clap.png in Resources */,
				1A00000000000000000000U0 /* lol.gif in Resources */,
				1A00000000000000000000U1 /* nope.gif in Resources */,
				1A00000000000000000000U2 /* omg.gif in Resources */,
				1A00000000000000000000U3 /* brb.gif in Resources */,
				1A00000000000000000000U4 /* perfect.gif in Resources */,
				1A00000000000000000000U5 /* yes.gif in Resources */,
				1A00000000000000000000U6 /* yikes.gif in Resources */,
				1A00000000000000000000U7 /* tiny-clap.gif in Resources */,
			);
			runOnlyForDeploymentPostprocessing = 0;
		};
/* End PBXResourcesBuildPhase section */

/* Begin PBXSourcesBuildPhase section */
		061EFE5C3001FD2F00B2D691 /* Sources */ = {
			isa = PBXSourcesBuildPhase;
			buildActionMask = 2147483647;
			files = (
			);
			runOnlyForDeploymentPostprocessing = 0;
		};
		1A0000000000000000000060 /* Sources */ = {
			isa = PBXSourcesBuildPhase;
			buildActionMask = 2147483647;
			files = (
				1A00000000000000000000B1 /* TinyGIFsApp.swift in Sources */,
				1A00000000000000000000B2 /* ReactionCatalog.swift in Sources */,
				1A00000000000000000000B3 /* ReactionArtwork.swift in Sources */,
				1A00000000000000000000B20 /* GiphyService.swift in Sources */,
			);
			runOnlyForDeploymentPostprocessing = 0;
		};
		1A0000000000000000000070 /* Sources */ = {
			isa = PBXSourcesBuildPhase;
			buildActionMask = 2147483647;
			files = (
				1A00000000000000000000B6 /* KeyboardViewController.swift in Sources */,
				1A00000000000000000000B7 /* KeyboardState.swift in Sources */,
				1A00000000000000000000B8 /* ReactionCatalog.swift in Sources */,
				1A00000000000000000000B21 /* GiphyService.swift in Sources */,
			);
			runOnlyForDeploymentPostprocessing = 0;
		};
		1A0000000000000000000080 /* Sources */ = {
			isa = PBXSourcesBuildPhase;
			buildActionMask = 2147483647;
			files = (
				1A00000000000000000000BA /* MessagesViewController.swift in Sources */,
				1A00000000000000000000BB /* ReactionCatalog.swift in Sources */,
				1A00000000000000000000B22 /* GiphyService.swift in Sources */,
			);
			runOnlyForDeploymentPostprocessing = 0;
		};
		1A0000000000000000000090 /* Sources */ = {
			isa = PBXSourcesBuildPhase;
			buildActionMask = 2147483647;
			files = (
				1A00000000000000000000BD /* CatalogIntegrityTests.swift in Sources */,
				1A00000000000000000000BE /* ReactionCatalog.swift in Sources */,
				1A00000000000000000000BF /* KeyboardState.swift in Sources */,
				1A00000000000000000000B23 /* TinyStickerRenderer.swift in Sources */,
			);
			runOnlyForDeploymentPostprocessing = 0;
		};
/* End PBXSourcesBuildPhase section */

/* Begin PBXTargetDependency section */
		061EFE6C3001FD3100B2D691 /* PBXTargetDependency */ = {
			isa = PBXTargetDependency;
			target = 061EFE5F3001FD2F00B2D691 /* messages */;
			targetProxy = 061EFE6B3001FD3100B2D691 /* PBXContainerItemProxy */;
		};
		1A00000000000000000000D1 /* PBXTargetDependency */ = {
			isa = PBXTargetDependency;
			target = 1A00000000000000000000A1 /* TinyGIFsKeyboard */;
			targetProxy = 1A00000000000000000000P1 /* PBXContainerItemProxy */;
		};
		1A00000000000000000000D2 /* PBXTargetDependency */ = {
			isa = PBXTargetDependency;
			target = 1A00000000000000000000A2 /* TinyGIFsMessages */;
			targetProxy = 1A00000000000000000000P2 /* PBXContainerItemProxy */;
		};
		1A00000000000000000000D3 /* PBXTargetDependency */ = {
			isa = PBXTargetDependency;
			target = 1A00000000000000000000A0 /* TinyGIFs */;
			targetProxy = 1A00000000000000000000P3 /* PBXContainerItemProxy */;
		};
/* End PBXTargetDependency section */

/* Begin XCBuildConfiguration section */
		061EFE6E3001FD3100B2D691 /* Debug */ = {
			isa = XCBuildConfiguration;
			buildSettings = {
				ASSETCATALOG_COMPILER_APPICON_NAME = "iMessage App Icon";
				ASSETCATALOG_COMPILER_GENERATE_SWIFT_ASSET_SYMBOL_EXTENSIONS = YES;
				CLANG_ANALYZER_NONNULL = YES;
				CLANG_ANALYZER_NUMBER_OBJECT_CONVERSION = YES_AGGRESSIVE;
				CLANG_CXX_LANGUAGE_STANDARD = "gnu++20";
				CLANG_ENABLE_OBJC_WEAK = YES;
				CLANG_WARN_BLOCK_CAPTURE_AUTORELEASING = YES;
				CLANG_WARN_BOOL_CONVERSION = YES;
				CLANG_WARN_COMMA = YES;
				CLANG_WARN_CONSTANT_CONVERSION = YES;
				CLANG_WARN_DEPRECATED_OBJC_IMPLEMENTATIONS = YES;
				CLANG_WARN_DIRECT_OBJC_ISA_USAGE = YES_ERROR;
				CLANG_WARN_EMPTY_BODY = YES;
				CLANG_WARN_ENUM_CONVERSION = YES;
				CLANG_WARN_INFINITE_RECURSION = YES;
				CLANG_WARN_INT_CONVERSION = YES;
				CLANG_WARN_NON_LITERAL_NULL_CONVERSION = YES;
				CLANG_WARN_OBJC_IMPLICIT_RETAIN_SELF = YES;
				CLANG_WARN_OBJC_LITERAL_CONVERSION = YES;
				CLANG_WARN_OBJC_ROOT_CLASS = YES_ERROR;
				CLANG_WARN_QUOTED_INCLUDE_IN_FRAMEWORK_HEADER = YES;
				CLANG_WARN_RANGE_LOOP_ANALYSIS = YES;
				CLANG_WARN_STRICT_PROTOTYPES = YES;
				CLANG_WARN_SUSPICIOUS_MOVE = YES;
				CLANG_WARN_UNGUARDED_AVAILABILITY = YES_AGGRESSIVE;
				CLANG_WARN_UNREACHABLE_CODE = YES;
				CLANG_WARN__DUPLICATE_METHOD_MATCH = YES;
				CODE_SIGN_STYLE = Automatic;
				COPY_PHASE_STRIP = NO;
				CURRENT_PROJECT_VERSION = 18;
				DEVELOPMENT_TEAM = 4QJ25Y85MX;
				ENABLE_STRICT_OBJC_MSGSEND = YES;
				ENABLE_USER_SCRIPT_SANDBOXING = YES;
				GCC_DYNAMIC_NO_PIC = NO;
				GCC_NO_COMMON_BLOCKS = YES;
				GCC_OPTIMIZATION_LEVEL = 0;
				GCC_PREPROCESSOR_DEFINITIONS = (
					"DEBUG=1",
					"$(inherited)",
				);
				GCC_WARN_64_TO_32_BIT_CONVERSION = YES;
				GCC_WARN_ABOUT_RETURN_TYPE = YES_ERROR;
				GCC_WARN_UNDECLARED_SELECTOR = YES;
				GCC_WARN_UNINITIALIZED_AUTOS = YES_AGGRESSIVE;
				GCC_WARN_UNUSED_FUNCTION = YES;
				GCC_WARN_UNUSED_VARIABLE = YES;
				GENERATE_INFOPLIST_FILE = YES;
				GIPHY_API_KEY = "";
				INFOPLIST_FILE = messages/Info.plist;
				INFOPLIST_KEY_CFBundleDisplayName = "#tiny-gifs";
				INFOPLIST_KEY_NSHumanReadableCopyright = "";
				IPHONEOS_DEPLOYMENT_TARGET = 26.5;
				LD_RUNPATH_SEARCH_PATHS = (
					"$(inherited)",
					"@executable_path/Frameworks",
					"@executable_path/../../Frameworks",
				);
				LOCALIZATION_PREFERS_STRING_CATALOGS = YES;
				MARKETING_VERSION = 1.0;
				MTL_ENABLE_DEBUG_INFO = INCLUDE_SOURCE;
				MTL_FAST_MATH = YES;
				ONLY_ACTIVE_ARCH = YES;
				PRODUCT_BUNDLE_IDENTIFIER = com.tinygifs.app.messages;
				PRODUCT_NAME = "$(TARGET_NAME)";
				SKIP_INSTALL = YES;
				STRING_CATALOG_GENERATE_SYMBOLS = YES;
				SWIFT_ACTIVE_COMPILATION_CONDITIONS = "DEBUG $(inherited)";
				SWIFT_APPROACHABLE_CONCURRENCY = YES;
				SWIFT_EMIT_LOC_STRINGS = YES;
				SWIFT_OPTIMIZATION_LEVEL = "-Onone";
				SWIFT_UPCOMING_FEATURE_MEMBER_IMPORT_VISIBILITY = YES;
				SWIFT_VERSION = 5.0;
				TARGETED_DEVICE_FAMILY = "1,2";
			};
			name = Debug;
		};
		061EFE6F3001FD3100B2D691 /* Release */ = {
			isa = XCBuildConfiguration;
			buildSettings = {
				ASSETCATALOG_COMPILER_APPICON_NAME = "iMessage App Icon";
				ASSETCATALOG_COMPILER_GENERATE_SWIFT_ASSET_SYMBOL_EXTENSIONS = YES;
				CLANG_ANALYZER_NONNULL = YES;
				CLANG_ANALYZER_NUMBER_OBJECT_CONVERSION = YES_AGGRESSIVE;
				CLANG_CXX_LANGUAGE_STANDARD = "gnu++20";
				CLANG_ENABLE_OBJC_WEAK = YES;
				CLANG_WARN_BLOCK_CAPTURE_AUTORELEASING = YES;
				CLANG_WARN_BOOL_CONVERSION = YES;
				CLANG_WARN_COMMA = YES;
				CLANG_WARN_CONSTANT_CONVERSION = YES;
				CLANG_WARN_DEPRECATED_OBJC_IMPLEMENTATIONS = YES;
				CLANG_WARN_DIRECT_OBJC_ISA_USAGE = YES_ERROR;
				CLANG_WARN_DOCUMENTATION_COMMENTS = YES;
				CLANG_WARN_EMPTY_BODY = YES;
				CLANG_WARN_ENUM_CONVERSION = YES;
				CLANG_WARN_INFINITE_RECURSION = YES;
				CLANG_WARN_INT_CONVERSION = YES;
				CLANG_WARN_NON_LITERAL_NULL_CONVERSION = YES;
				CLANG_WARN_OBJC_IMPLICIT_RETAIN_SELF = YES;
				CLANG_WARN_OBJC_LITERAL_CONVERSION = YES;
				CLANG_WARN_OBJC_ROOT_CLASS = YES_ERROR;
				CLANG_WARN_QUOTED_INCLUDE_IN_FRAMEWORK_HEADER = YES;
				CLANG_WARN_RANGE_LOOP_ANALYSIS = YES;
				CLANG_WARN_STRICT_PROTOTYPES = YES;
				CLANG_WARN_SUSPICIOUS_MOVE = YES;
				CLANG_WARN_UNGUARDED_AVAILABILITY = YES_AGGRESSIVE;
				CLANG_WARN_UNREACHABLE_CODE = YES;
				CLANG_WARN__DUPLICATE_METHOD_MATCH = YES;
				CODE_SIGN_STYLE = Automatic;
				COPY_PHASE_STRIP = NO;
				CURRENT_PROJECT_VERSION = 18;
				DEBUG_INFORMATION_FORMAT = "dwarf-with-dsym";
				DEVELOPMENT_TEAM = 4QJ25Y85MX;
				ENABLE_NS_ASSERTIONS = NO;
				ENABLE_STRICT_OBJC_MSGSEND = YES;
				ENABLE_USER_SCRIPT_SANDBOXING = YES;
				GCC_NO_COMMON_BLOCKS = YES;
				GCC_WARN_64_TO_32_BIT_CONVERSION = YES;
				GCC_WARN_ABOUT_RETURN_TYPE = YES_ERROR;
				GCC_WARN_UNDECLARED_SELECTOR = YES;
				GCC_WARN_UNINITIALIZED_AUTOS = YES_AGGRESSIVE;
				GCC_WARN_UNUSED_FUNCTION = YES;
				GCC_WARN_UNUSED_VARIABLE = YES;
				GENERATE_INFOPLIST_FILE = YES;
				GIPHY_API_KEY = "";
				INFOPLIST_FILE = messages/Info.plist;
				INFOPLIST_KEY_CFBundleDisplayName = "#tiny-gifs";
				INFOPLIST_KEY_NSHumanReadableCopyright = "";
				IPHONEOS_DEPLOYMENT_TARGET = 26.5;
				LD_RUNPATH_SEARCH_PATHS = (
					"$(inherited)",
					"@executable_path/Frameworks",
					"@executable_path/../../Frameworks",
				);
				LOCALIZATION_PREFERS_STRING_CATALOGS = YES;
				MARKETING_VERSION = 1.0;
				MTL_ENABLE_DEBUG_INFO = NO;
				MTL_FAST_MATH = YES;
				PRODUCT_BUNDLE_IDENTIFIER = com.tinygifs.app.messages;
				PRODUCT_NAME = "$(TARGET_NAME)";
				SKIP_INSTALL = YES;
				STRING_CATALOG_GENERATE_SYMBOLS = YES;
				SWIFT_APPROACHABLE_CONCURRENCY = YES;
				SWIFT_EMIT_LOC_STRINGS = YES;
				SWIFT_UPCOMING_FEATURE_MEMBER_IMPORT_VISIBILITY = YES;
				SWIFT_VERSION = 5.0;
				TARGETED_DEVICE_FAMILY = "1,2";
				VALIDATE_PRODUCT = YES;
			};
			name = Release;
		};
		1A00000000000000000000C0 /* Debug */ = {
			isa = XCBuildConfiguration;
			buildSettings = {
				ALWAYS_SEARCH_USER_PATHS = NO;
				CLANG_ENABLE_MODULES = YES;
				CLANG_ENABLE_OBJC_ARC = YES;
				CLANG_WARN_DOCUMENTATION_COMMENTS = YES;
				DEBUG_INFORMATION_FORMAT = dwarf;
				ENABLE_TESTABILITY = YES;
				GCC_C_LANGUAGE_STANDARD = gnu17;
				IPHONEOS_DEPLOYMENT_TARGET = 17.0;
				SDKROOT = iphoneos;
				SWIFT_VERSION = 5.0;
			};
			name = Debug;
		};
		1A00000000000000000000C1 /* Release */ = {
			isa = XCBuildConfiguration;
			buildSettings = {
				ALWAYS_SEARCH_USER_PATHS = NO;
				CLANG_ENABLE_MODULES = YES;
				CLANG_ENABLE_OBJC_ARC = YES;
				GCC_C_LANGUAGE_STANDARD = gnu17;
				IPHONEOS_DEPLOYMENT_TARGET = 17.0;
				SDKROOT = iphoneos;
				SWIFT_COMPILATION_MODE = wholemodule;
				SWIFT_OPTIMIZATION_LEVEL = "-O";
				SWIFT_VERSION = 5.0;
			};
			name = Release;
		};
		1A00000000000000000000C2 /* Debug */ = {
			isa = XCBuildConfiguration;
			buildSettings = {
				ASSETCATALOG_COMPILER_APPICON_NAME = AppIcon;
				CODE_SIGN_STYLE = Automatic;
				DEVELOPMENT_TEAM = 4QJ25Y85MX;
				GIPHY_API_KEY = "";
				INFOPLIST_FILE = TinyGIFsApp/Info.plist;
				PRODUCT_BUNDLE_IDENTIFIER = com.tinygifs.app;
				PRODUCT_NAME = TinyGIFs;
				SWIFT_EMIT_LOC_STRINGS = YES;
				TARGETED_DEVICE_FAMILY = 1;
			};
			name = Debug;
		};
		1A00000000000000000000C3 /* Release */ = {
			isa = XCBuildConfiguration;
			buildSettings = {
				ASSETCATALOG_COMPILER_APPICON_NAME = AppIcon;
				CODE_SIGN_STYLE = Automatic;
				DEVELOPMENT_TEAM = 4QJ25Y85MX;
				GIPHY_API_KEY = "";
				INFOPLIST_FILE = TinyGIFsApp/Info.plist;
				PRODUCT_BUNDLE_IDENTIFIER = com.tinygifs.app;
				PRODUCT_NAME = TinyGIFs;
				SWIFT_EMIT_LOC_STRINGS = YES;
				TARGETED_DEVICE_FAMILY = 1;
			};
			name = Release;
		};
		1A00000000000000000000C4 /* Debug */ = {
			isa = XCBuildConfiguration;
			buildSettings = {
				APPLICATION_EXTENSION_API_ONLY = YES;
				CODE_SIGN_STYLE = Automatic;
				DEVELOPMENT_TEAM = 4QJ25Y85MX;
				GIPHY_API_KEY = "";
				INFOPLIST_FILE = TinyGIFsKeyboard/Info.plist;
				PRODUCT_BUNDLE_IDENTIFIER = com.tinygifs.app.keyboard;
				PRODUCT_NAME = TinyGIFsKeyboard;
				SKIP_INSTALL = YES;
				TARGETED_DEVICE_FAMILY = 1;
			};
			name = Debug;
		};
		1A00000000000000000000C5 /* Release */ = {
			isa = XCBuildConfiguration;
			buildSettings = {
				APPLICATION_EXTENSION_API_ONLY = YES;
				CODE_SIGN_STYLE = Automatic;
				DEVELOPMENT_TEAM = 4QJ25Y85MX;
				GIPHY_API_KEY = "";
				INFOPLIST_FILE = TinyGIFsKeyboard/Info.plist;
				PRODUCT_BUNDLE_IDENTIFIER = com.tinygifs.app.keyboard;
				PRODUCT_NAME = TinyGIFsKeyboard;
				SKIP_INSTALL = YES;
				TARGETED_DEVICE_FAMILY = 1;
			};
			name = Release;
		};
		1A00000000000000000000C6 /* Debug */ = {
			isa = XCBuildConfiguration;
			buildSettings = {
				APPLICATION_EXTENSION_API_ONLY = YES;
				CODE_SIGN_STYLE = Automatic;
				DEVELOPMENT_TEAM = 4QJ25Y85MX;
				GIPHY_API_KEY = "";
				INFOPLIST_FILE = TinyGIFsMessages/Info.plist;
				PRODUCT_BUNDLE_IDENTIFIER = com.tinygifs.app.messages;
				PRODUCT_NAME = TinyGIFsMessages;
				SKIP_INSTALL = YES;
				TARGETED_DEVICE_FAMILY = 1;
			};
			name = Debug;
		};
		1A00000000000000000000C7 /* Release */ = {
			isa = XCBuildConfiguration;
			buildSettings = {
				APPLICATION_EXTENSION_API_ONLY = YES;
				CODE_SIGN_STYLE = Automatic;
				DEVELOPMENT_TEAM = 4QJ25Y85MX;
				GIPHY_API_KEY = "";
				INFOPLIST_FILE = TinyGIFsMessages/Info.plist;
				PRODUCT_BUNDLE_IDENTIFIER = com.tinygifs.app.messages;
				PRODUCT_NAME = TinyGIFsMessages;
				SKIP_INSTALL = YES;
				TARGETED_DEVICE_FAMILY = 1;
			};
			name = Release;
		};
		1A00000000000000000000C8 /* Debug */ = {
			isa = XCBuildConfiguration;
			buildSettings = {
				BUNDLE_LOADER = "$(TEST_HOST)";
				CODE_SIGN_STYLE = Automatic;
				GENERATE_INFOPLIST_FILE = YES;
				PRODUCT_BUNDLE_IDENTIFIER = com.tinygifs.app.tests;
				PRODUCT_NAME = TinyGIFsTests;
				SWIFT_EMIT_LOC_STRINGS = NO;
				TARGETED_DEVICE_FAMILY = 1;
				TEST_HOST = "$(BUILT_PRODUCTS_DIR)/TinyGIFs.app/TinyGIFs";
			};
			name = Debug;
		};
		1A00000000000000000000C9 /* Release */ = {
			isa = XCBuildConfiguration;
			buildSettings = {
				BUNDLE_LOADER = "$(TEST_HOST)";
				CODE_SIGN_STYLE = Automatic;
				GENERATE_INFOPLIST_FILE = YES;
				PRODUCT_BUNDLE_IDENTIFIER = com.tinygifs.app.tests;
				PRODUCT_NAME = TinyGIFsTests;
				SWIFT_EMIT_LOC_STRINGS = NO;
				TARGETED_DEVICE_FAMILY = 1;
				TEST_HOST = "$(BUILT_PRODUCTS_DIR)/TinyGIFs.app/TinyGIFs";
			};
			name = Release;
		};
/* End XCBuildConfiguration section */

/* Begin XCConfigurationList section */
		061EFE713001FD3100B2D691 /* Build configuration list for PBXNativeTarget "messages" */ = {
			isa = XCConfigurationList;
			buildConfigurations = (
				061EFE6E3001FD3100B2D691 /* Debug */,
				061EFE6F3001FD3100B2D691 /* Release */,
			);
			defaultConfigurationIsVisible = 0;
			defaultConfigurationName = Release;
		};
		1A00000000000000000000L0 /* Build configuration list for PBXProject "TinyGIFs" */ = {
			isa = XCConfigurationList;
			buildConfigurations = (
				1A00000000000000000000C0 /* Debug */,
				1A00000000000000000000C1 /* Release */,
			);
			defaultConfigurationIsVisible = 0;
			defaultConfigurationName = Release;
		};
		1A00000000000000000000L1 /* Build configuration list for PBXNativeTarget "TinyGIFs" */ = {
			isa = XCConfigurationList;
			buildConfigurations = (
				1A00000000000000000000C2 /* Debug */,
				1A00000000000000000000C3 /* Release */,
			);
			defaultConfigurationIsVisible = 0;
			defaultConfigurationName = Release;
		};
		1A00000000000000000000L2 /* Build configuration list for PBXNativeTarget "TinyGIFsKeyboard" */ = {
			isa = XCConfigurationList;
			buildConfigurations = (
				1A00000000000000000000C4 /* Debug */,
				1A00000000000000000000C5 /* Release */,
			);
			defaultConfigurationIsVisible = 0;
			defaultConfigurationName = Release;
		};
		1A00000000000000000000L3 /* Build configuration list for PBXNativeTarget "TinyGIFsMessages" */ = {
			isa = XCConfigurationList;
			buildConfigurations = (
				1A00000000000000000000C6 /* Debug */,
				1A00000000000000000000C7 /* Release */,
			);
			defaultConfigurationIsVisible = 0;
			defaultConfigurationName = Release;
		};
		1A00000000000000000000L4 /* Build configuration list for PBXNativeTarget "TinyGIFsTests" */ = {
			isa = XCConfigurationList;
			buildConfigurations = (
				1A00000000000000000000C8 /* Debug */,
				1A00000000000000000000C9 /* Release */,
			);
			defaultConfigurationIsVisible = 0;
			defaultConfigurationName = Release;
		};
/* End XCConfigurationList section */
	};
	rootObject = 1A0000000000000000000000 /* Project object */;
}
